// !$*UTF8*$!
{
	archiveVersion = 1;
	classes = {
	};
	objectVersion = 46;
	objects = {

/* Begin PBXBuildFile section */
		8C401A4D1B1C699600C35FEC /* AppDelegate.swift in Sources */ = {isa = PBXBuildFile; fileRef = 8C401A4C1B1C699600C35FEC /* AppDelegate.swift */; };
		8C401A4F1B1C699600C35FEC /* ViewController.swift in Sources */ = {isa = PBXBuildFile; fileRef = 8C401A4E1B1C699600C35FEC /* ViewController.swift */; };
		8C401A521B1C699600C35FEC /* Main.storyboard in Resources */ = {isa = PBXBuildFile; fileRef = 8C401A501B1C699600C35FEC /* Main.storyboard */; };
		8C401A541B1C699600C35FEC /* Images.xcassets in Resources */ = {isa = PBXBuildFile; fileRef = 8C401A531B1C699600C35FEC /* Images.xcassets */; };
		8C401A571B1C699600C35FEC /* LaunchScreen.xib in Resources */ = {isa = PBXBuildFile; fileRef = 8C401A551B1C699600C35FEC /* LaunchScreen.xib */; };
		8C401A631B1C699700C35FEC /* ExampleTests.swift in Sources */ = {isa = PBXBuildFile; fileRef = 8C401A621B1C699700C35FEC /* ExampleTests.swift */; };
/* End PBXBuildFile section */

/* Begin PBXContainerItemProxy section */
		8C401A5D1B1C699700C35FEC /* PBXContainerItemProxy */ = {
			isa = PBXContainerItemProxy;
			containerPortal = 8C401A3F1B1C699600C35FEC /* Project object */;
			proxyType = 1;
			remoteGlobalIDString = 8C401A461B1C699600C35FEC;
			remoteInfo = Example;
		};
/* End PBXContainerItemProxy section */

/* Begin PBXFileReference section */
		8C401A471B1C699600C35FEC /* Example.app */ = {isa = PBXFileReference; explicitFileType = wrapper.application; includeInIndex = 0; path = Example.app; sourceTree = BUILT_PRODUCTS_DIR; };
		8C401A4B1B1C699600C35FEC /* Info.plist */ = {isa = PBXFileReference; lastKnownFileType = text.plist.xml; path = Info.plist; sourceTree = "<group>"; };
		8C401A4C1B1C699600C35FEC /* AppDelegate.swift */ = {isa = PBXFileReference; lastKnownFileType = sourcecode.swift; path = AppDelegate.swift; sourceTree = "<group>"; };
		8C401A4E1B1C699600C35FEC /* ViewController.swift */ = {isa = PBXFileReference; lastKnownFileType = sourcecode.swift; path = ViewController.swift; sourceTree = "<group>"; };
		8C401A511B1C699600C35FEC /* Base */ = {isa = PBXFileReference; lastKnownFileType = file.storyboard; name = Base; path = Base.lproj/Main.storyboard; sourceTree = "<group>"; };
		8C401A531B1C699600C35FEC /* Images.xcassets */ = {isa = PBXFileReference; lastKnownFileType = folder.assetcatalog; path = Images.xcassets; sourceTree = "<group>"; };
		8C401A561B1C699600C35FEC /* Base */ = {isa = PBXFileReference; lastKnownFileType = file.xib; name = Base; path = Base.lproj/LaunchScreen.xib; sourceTree = "<group>"; };
		8C401A5C1B1C699700C35FEC /* ExampleTests.xctest */ = {isa = PBXFileReference; explicitFileType = wrapper.cfbundle; includeInIndex = 0; path = ExampleTests.xctest; sourceTree = BUILT_PRODUCTS_DIR; };
		8C401A611B1C699700C35FEC /* Info.plist */ = {isa = PBXFileReference; lastKnownFileType = text.plist.xml; path = Info.plist; sourceTree = "<group>"; };
		8C401A621B1C699700C35FEC /* ExampleTests.swift */ = {isa = PBXFileReference; lastKnownFileType = sourcecode.swift; path = ExampleTests.swift; sourceTree = "<group>"; };
/* End PBXFileReference section */

/* Begin PBXFrameworksBuildPhase section */
		8C401A441B1C699600C35FEC /* Frameworks */ = {
			isa = PBXFrameworksBuildPhase;
			buildActionMask = 2147483647;
			files = (
			);
			runOnlyForDeploymentPostprocessing = 0;
		};
		8C401A591B1C699700C35FEC /* Frameworks */ = {
			isa = PBXFrameworksBuildPhase;
			buildActionMask = 2147483647;
			files = (
			);
			runOnlyForDeploymentPostprocessing = 0;
		};
/* End PBXFrameworksBuildPhase section */

/* Begin PBXGroup section */
		8C401A3E1B1C699600C35FEC = {
			isa = PBXGroup;
			children = (
				8C401A491B1C699600C35FEC /* Example */,
				8C401A5F1B1C699700C35FEC /* ExampleTests */,
				8C401A481B1C699600C35FEC /* Products */,
			);
			sourceTree = "<group>";
		};
		8C401A481B1C699600C35FEC /* Products */ = {
			isa = PBXGroup;
			children = (
				8C401A471B1C699600C35FEC /* Example.app */,
				8C401A5C1B1C699700C35FEC /* ExampleTests.xctest */,
			);
			name = Products;
			sourceTree = "<group>";
		};
		8C401A491B1C699600C35FEC /* Example */ = {
			isa = PBXGroup;
			children = (
				8C401A4C1B1C699600C35FEC /* AppDelegate.swift */,
				8C401A4E1B1C699600C35FEC /* ViewController.swift */,
				8C401A501B1C699600C35FEC /* Main.storyboard */,
				8C401A531B1C699600C35FEC /* Images.xcassets */,
				8C401A551B1C699600C35FEC /* LaunchScreen.xib */,
				8C401A4A1B1C699600C35FEC /* Supporting Files */,
			);
			path = Example;
			sourceTree = "<group>";
		};
		8C401A4A1B1C699600C35FEC /* Supporting Files */ = {
			isa = PBXGroup;
			children = (
				8C401A4B1B1C699600C35FEC /* Info.plist */,
			);
			name = "Supporting Files";
			sourceTree = "<group>";
		};
		8C401A5F1B1C699700C35FEC /* ExampleTests */ = {
			isa = PBXGroup;
			children = (
				8C401A621B1C699700C35FEC /* ExampleTests.swift */,
				8C401A601B1C699700C35FEC /* Supporting Files */,
			);
			path = ExampleTests;
			sourceTree = "<group>";
		};
		8C401A601B1C699700C35FEC /* Supporting Files */ = {
			isa = PBXGroup;
			children = (
				8C401A611B1C699700C35FEC /* Info.plist */,
			);
			name = "Supporting Files";
			sourceTree = "<group>";
		};
/* End PBXGroup section */

/* Begin PBXNativeTarget section */
		8C401A461B1C699600C35FEC /* Example */ = {
			isa = PBXNativeTarget;
			buildConfigurationList = 8C401A661B1C699700C35FEC /* Build configuration list for PBXNativeTarget "Example" */;
			buildPhases = (
				8C401A431B1C699600C35FEC /* Sources */,
				8C401A441B1C699600C35FEC /* Frameworks */,
				8C401A451B1C699600C35FEC /* Resources */,
			);
			buildRules = (
			);
			dependencies = (
			);
			name = Example;
			productName = Example;
			productReference = 8C401A471B1C699600C35FEC /* Example.app */;
			productType = "com.apple.product-type.application";
		};
		8C401A5B1B1C699700C35FEC /* ExampleTests */ = {
			isa = PBXNativeTarget;
			buildConfigurationList = 8C401A691B1C699700C35FEC /* Build configuration list for PBXNativeTarget "ExampleTests" */;
			buildPhases = (
				8C401A581B1C699700C35FEC /* Sources */,
				8C401A591B1C699700C35FEC /* Frameworks */,
				8C401A5A1B1C699700C35FEC /* Resources */,
			);
			buildRules = (
			);
			dependencies = (
				8C401A5E1B1C699700C35FEC /* PBXTargetDependency */,
			);
			name = ExampleTests;
			productName = ExampleTests;
			productReference = 8C401A5C1B1C699700C35FEC /* ExampleTests.xctest */;
			productType = "com.apple.product-type.bundle.unit-test";
		};
/* End PBXNativeTarget section */

/* Begin PBXProject section */
		8C401A3F1B1C699600C35FEC /* Project object */ = {
			isa = PBXProject;
			attributes = {
				LastUpgradeCheck = 0630;
				ORGANIZATIONNAME = "Le Van Nghia";
				TargetAttributes = {
					8C401A461B1C699600C35FEC = {
						CreatedOnToolsVersion = 6.3.2;
					};
					8C401A5B1B1C699700C35FEC = {
						CreatedOnToolsVersion = 6.3.2;
						TestTargetID = 8C401A461B1C699600C35FEC;
					};
				};
			};
			buildConfigurationList = 8C401A421B1C699600C35FEC /* Build configuration list for PBXProject "Example" */;
			compatibilityVersion = "Xcode 3.2";
			developmentRegion = English;
			hasScannedForEncodings = 0;
			knownRegions = (
				en,
				Base,
			);
			mainGroup = 8C401A3E1B1C699600C35FEC;
			productRefGroup = 8C401A481B1C699600C35FEC /* Products */;
			projectDirPath = "";
			projectRoot = "";
			targets = (
				8C401A461B1C699600C35FEC /* Example */,
				8C401A5B1B1C699700C35FEC /* ExampleTests */,
			);
		};
/* End PBXProject section */

/* Begin PBXResourcesBuildPhase section */
		8C401A451B1C699600C35FEC /* Resources */ = {
			isa = PBXResourcesBuildPhase;
			buildActionMask = 2147483647;
			files = (
				8C401A521B1C699600C35FEC /* Main.storyboard in Resources */,
				8C401A571B1C699600C35FEC /* LaunchScreen.xib in Resources */,
				8C401A541B1C699600C35FEC /* Images.xcassets in Resources */,
			);
			runOnlyForDeploymentPostprocessing = 0;
		};
		8C401A5A1B1C699700C35FEC /* Resources */ = {
			isa = PBXResourcesBuildPhase;
			buildActionMask = 2147483647;
			files = (
			);
			runOnlyForDeploymentPostprocessing = 0;
		};
/* End PBXResourcesBuildPhase section */

/* Begin PBXSourcesBuildPhase section */
		8C401A431B1C699600C35FEC /* Sources */ = {
			isa = PBXSourcesBuildPhase;
			buildActionMask = 2147483647;
			files = (
				8C401A4F1B1C699600C35FEC /* ViewController.swift in Sources */,
				8C401A4D1B1C699600C35FEC /* AppDelegate.swift in Sources */,
			);
			runOnlyForDeploymentPostprocessing = 0;
		};
		8C401A581B1C699700C35FEC /* Sources */ = {
			isa = PBXSourcesBuildPhase;
			buildActionMask = 2147483647;
			files = (
				8C401A631B1C699700C35FEC /* ExampleTests.swift in Sources */,
			);
			runOnlyForDeploymentPostprocessing = 0;
		};
/* End PBXSourcesBuildPhase section */

/* Begin PBXTargetDependency section */
		8C401A5E1B1C699700C35FEC /* PBXTargetDependency */ = {
			isa = PBXTargetDependency;
			target = 8C401A461B1C699600C35FEC /* Example */;
			targetProxy = 8C401A5D1B1C699700C35FEC /* PBXContainerItemProxy */;
		};
/* End PBXTargetDependency section */

/* Begin PBXVariantGroup section */
		8C401A501B1C699600C35FEC /* Main.storyboard */ = {
			isa = PBXVariantGroup;
			children = (
				8C401A511B1C699600C35FEC /* Base */,
			);
			name = Main.storyboard;
			sourceTree = "<group>";
		};
		8C401A551B1C699600C35FEC /* LaunchScreen.xib */ = {
			isa = PBXVariantGroup;
			children = (
				8C401A561B1C699600C35FEC /* Base */,
			);
			name = LaunchScreen.xib;
			sourceTree = "<group>";
		};
/* End PBXVariantGroup section */

/* Begin XCBuildConfiguration section */
		8C401A641B1C699700C35FEC /* Debug */ = {
			isa = XCBuildConfiguration;
			buildSettings = {
				ALWAYS_SEARCH_USER_PATHS = NO;
				CLANG_CXX_LANGUAGE_STANDARD = "gnu++0x";
				CLANG_CXX_LIBRARY = "libc++";
				CLANG_ENABLE_MODULES = YES;
				CLANG_ENABLE_OBJC_ARC = YES;
				CLANG_WARN_BOOL_CONVERSION = YES;
				CLANG_WARN_CONSTANT_CONVERSION = YES;
				CLANG_WARN_DIRECT_OBJC_ISA_USAGE = YES_ERROR;
				CLANG_WARN_EMPTY_BODY = YES;
				CLANG_WARN_ENUM_CONVERSION = YES;
				CLANG_WARN_INT_CONVERSION = YES;
				CLANG_WARN_OBJC_ROOT_CLASS = YES_ERROR;
				CLANG_WARN_UNREACHABLE_CODE = YES;
				CLANG_WARN__DUPLICATE_METHOD_MATCH = YES;
				"CODE_SIGN_IDENTITY[sdk=iphoneos*]" = "iPhone Developer";
				COPY_PHASE_STRIP = NO;
				DEBUG_INFORMATION_FORMAT = "dwarf-with-dsym";
				ENABLE_STRICT_OBJC_MSGSEND = YES;
				GCC_C_LANGUAGE_STANDARD = gnu99;
				GCC_DYNAMIC_NO_PIC = NO;
				GCC_NO_COMMON_BLOCKS = YES;
				GCC_OPTIMIZATION_LEVEL = 0;
				GCC_PREPROCESSOR_DEFINITIONS = (
					"DEBUG=1",
					"$(inherited)",
				);
				GCC_SYMBOLS_PRIVATE_EXTERN = NO;
				GCC_WARN_64_TO_32_BIT_CONVERSION = YES;
				GCC_WARN_ABOUT_RETURN_TYPE = YES_ERROR;
				GCC_WARN_UNDECLARED_SELECTOR = YES;
				GCC_WARN_UNINITIALIZED_AUTOS = YES_AGGRESSIVE;
				GCC_WARN_UNUSED_FUNCTION = YES;
				GCC_WARN_UNUSED_VARIABLE = YES;
				IPHONEOS_DEPLOYMENT_TARGET = 8.0;
				MTL_ENABLE_DEBUG_INFO = YES;
				ONLY_ACTIVE_ARCH = YES;
				SDKROOT = iphoneos;
				SWIFT_OPTIMIZATION_LEVEL = "-Onone";
			};
			name = Debug;
		};
		8C401A651B1C699700C35FEC /* Release */ = {
			isa = XCBuildConfiguration;
			buildSettings = {
				ALWAYS_SEARCH_USER_PATHS = NO;
				CLANG_CXX_LANGUAGE_STANDARD = "gnu++0x";
				CLANG_CXX_LIBRARY = "libc++";
				CLANG_ENABLE_MODULES = YES;
				CLANG_ENABLE_OBJC_ARC = YES;
				CLANG_WARN_BOOL_CONVERSION = YES;
				CLANG_WARN_CONSTANT_CONVERSION = YES;
				CLANG_WARN_DIRECT_OBJC_ISA_USAGE = YES_ERROR;
				CLANG_WARN_EMPTY_BODY = YES;
				CLANG_WARN_ENUM_CONVERSION = YES;
				CLANG_WARN_INT_CONVERSION = YES;
				CLANG_WARN_OBJC_ROOT_CLASS = YES_ERROR;
				CLANG_WARN_UNREACHABLE_CODE = YES;
				CLANG_WARN__DUPLICATE_METHOD_MATCH = YES;
				"CODE_SIGN_IDENTITY[sdk=iphoneos*]" = "iPhone Developer";
				COPY_PHASE_STRIP = NO;
				DEBUG_INFORMATION_FORMAT = "dwarf-with-dsym";
				ENABLE_NS_ASSERTIONS = NO;
				ENABLE_STRICT_OBJC_MSGSEND = YES;
				GCC_C_LANGUAGE_STANDARD = gnu99;
				GCC_NO_COMMON_BLOCKS = YES;
				GCC_WARN_64_TO_32_BIT_CONVERSION = YES;
				GCC_WARN_ABOUT_RETURN_TYPE = YES_ERROR;
				GCC_WARN_UNDECLARED_SELECTOR = YES;
				GCC_WARN_UNINITIALIZED_AUTOS = YES_AGGRESSIVE;
				GCC_WARN_UNUSED_FUNCTION = YES;
				GCC_WARN_UNUSED_VARIABLE = YES;
				IPHONEOS_DEPLOYMENT_TARGET = 8.0;
				MTL_ENABLE_DEBUG_INFO = NO;
				SDKROOT = iphoneos;
				VALIDATE_PRODUCT = YES;
			};
			name = Release;
		};
		8C401A671B1C699700C35FEC /* Debug */ = {
			isa = XCBuildConfiguration;
			buildSettings = {
				ASSETCATALOG_COMPILER_APPICON_NAME = AppIcon;
				INFOPLIST_FILE = Example/Info.plist;
				IPHONEOS_DEPLOYMENT_TARGET = 8.0;
				LD_RUNPATH_SEARCH_PATHS = "$(inherited) @executable_path/Frameworks";
				PRODUCT_NAME = "$(TARGET_NAME)";
			};
			name = Debug;
		};
		8C401A681B1C699700C35FEC /* Release */ = {
			isa = XCBuildConfiguration;
			buildSettings = {
				ASSETCATALOG_COMPILER_APPICON_NAME = AppIcon;
				INFOPLIST_FILE = Example/Info.plist;
				IPHONEOS_DEPLOYMENT_TARGET = 8.0;
				LD_RUNPATH_SEARCH_PATHS = "$(inherited) @executable_path/Frameworks";
				PRODUCT_NAME = "$(TARGET_NAME)";
			};
			name = Release;
		};
		8C401A6A1B1C699700C35FEC /* Debug */ = {
			isa = XCBuildConfiguration;
			buildSettings = {
				BUNDLE_LOADER = "$(TEST_HOST)";
				FRAMEWORK_SEARCH_PATHS = (
					"$(SDKROOT)/Developer/Library/Frameworks",
					"$(inherited)",
				);
				GCC_PREPROCESSOR_DEFINITIONS = (
					"DEBUG=1",
					"$(inherited)",
				);
				INFOPLIST_FILE = ExampleTests/Info.plist;
				LD_RUNPATH_SEARCH_PATHS = "$(inherited) @executable_path/Frameworks @loader_path/Frameworks";
				PRODUCT_NAME = "$(TARGET_NAME)";
				TEST_HOST = "$(BUILT_PRODUCTS_DIR)/Example.app/Example";
			};
			name = Debug;
		};
		8C401A6B1B1C699700C35FEC /* Release */ = {
			isa = XCBuildConfiguration;
			buildSettings = {
				BUNDLE_LOADER = "$(TEST_HOST)";
				FRAMEWORK_SEARCH_PATHS = (
					"$(SDKROOT)/Developer/Library/Frameworks",
					"$(inherited)",
				);
				INFOPLIST_FILE = ExampleTests/Info.plist;
				LD_RUNPATH_SEARCH_PATHS = "$(inherited) @executable_path/Frameworks @loader_path/Frameworks";
				PRODUCT_NAME = "$(TARGET_NAME)";
				TEST_HOST = "$(BUILT_PRODUCTS_DIR)/Example.app/Example";
			};
			name = Release;
		};
/* End XCBuildConfiguration section */

/* Begin XCConfigurationList section */
		8C401A421B1C699600C35FEC /* Build configuration list for PBXProject "Example" */ = {
			isa = XCConfigurationList;
			buildConfigurations = (
				8C401A641B1C699700C35FEC /* Debug */,
				8C401A651B1C699700C35FEC /* Release */,
			);
			defaultConfigurationIsVisible = 0;
			defaultConfigurationName = Release;
		};
		8C401A661B1C699700C35FEC /* Build configuration list for PBXNativeTarget "Example" */ = {
			isa = XCConfigurationList;
			buildConfigurations = (
				8C401A671B1C699700C35FEC /* Debug */,
				8C401A681B1C699700C35FEC /* Release */,
			);
			defaultConfigurationIsVisible = 0;
		};
		8C401A691B1C699700C35FEC /* Build configuration list for PBXNativeTarget "ExampleTests" */ = {
			isa = XCConfigurationList;
			buildConfigurations = (
				8C401A6A1B1C699700C35FEC /* Debug */,
				8C401A6B1B1C699700C35FEC /* Release */,
			);
			defaultConfigurationIsVisible = 0;
		};
/* End XCConfigurationList section */
	};
	rootObject = 8C401A3F1B1C699600C35FEC /* Project object */;
}
